
Microsoft Visual Studio Solution File, Format Version 12.00
# Visual Studio Version 16
VisualStudioVersion = 16.0.32510.428
MinimumVisualStudioVersion = 10.0.40219.1
Project("{FAE04EC0-301F-11D3-BF4B-00C04F79EFBC}") = "HomeApplication.API.Authorization", "HomeApplication.API.Authorization\HomeApplication.API.Authorization.csproj", "{D8763527-07FB-4694-857E-61B77FCE1BBB}"
EndProject
Global
	GlobalSection(SolutionConfigurationPlatforms) = preSolution
		Debug|Any CPU = Debug|Any CPU
		Release|Any CPU = Release|Any CPU
	EndGlobalSection
	GlobalSection(ProjectConfigurationPlatforms) = postSolution
		{D8763527-07FB-4694-857E-61B77FCE1BBB}.Debug|Any CPU.ActiveCfg = Debug|Any CPU
		{D8763527-07FB-4694-857E-61B77FCE1BBB}.Debug|Any CPU.Build.0 = Debug|Any CPU
		{D8763527-07FB-4694-857E-61B77FCE1BBB}.Release|Any CPU.ActiveCfg = Release|Any CPU
		{D8763527-07FB-4694-857E-61B77FCE1BBB}.Release|Any CPU.Build.0 = Release|Any CPU
	EndGlobalSection
	GlobalSection(SolutionProperties) = preSolution
		HideSolutionNode = FALSE
	EndGlobalSection
	GlobalSection(ExtensibilityGlobals) = postSolution
		SolutionGuid = {08EE2739-EF40-4388-A50D-074E50E5BA55}
	EndGlobalSection
EndGlobal
